
Microsoft Visual Studio Solution File, Format Version 12.00
Project("{FAE04EC0-301F-11D3-BF4B-00C04F79EFBC}") = "Overflow-learn.AppHost", "Overflow-learn.AppHost\Overflow-learn.AppHost.csproj", "{2CCB8B67-CE73-4F23-9D4E-023D33C54806}"
EndProject
Project("{FAE04EC0-301F-11D3-BF4B-00C04F79EFBC}") = "Overflow-learn.ServiceDefaults", "Overflow-learn.ServiceDefaults\Overflow-learn.ServiceDefaults.csproj", "{6CCC5714-C20D-4ED3-8465-3DA18246F8A8}"
EndProject
Project("{2150E333-8FDC-42A3-9474-1A3956D46DE8}") = "services", "services", "{FE9F796F-8957-4E30-BFB9-E40C63A89F64}"
EndProject
Project("{FAE04EC0-301F-11D3-BF4B-00C04F79EFBC}") = "QuestionService", "QuestionService\QuestionService.csproj", "{5312F1A8-C157-42B4-8D22-255E951A7CFA}"
EndProject
Project("{FAE04EC0-301F-11D3-BF4B-00C04F79EFBC}") = "SearchService", "SearchService\SearchService.csproj", "{EFB02F4A-7AD0-4933-B387-2693DCC9152A}"
EndProject
Project("{2150E333-8FDC-42A3-9474-1A3956D46DE8}") = "common", "common", "{1F775F19-CF47-4956-A384-D2EF7B02F195}"
EndProject
Project("{FAE04EC0-301F-11D3-BF4B-00C04F79EFBC}") = "Contracts", "Contracts\Contracts.csproj", "{C5D4A1F0-228F-4886-8161-243BDC50B78E}"
EndProject
Project("{FAE04EC0-301F-11D3-BF4B-00C04F79EFBC}") = "Common", "Common\Common.csproj", "{27FC3FD5-2285-446C-B559-001A02CB5E4A}"
EndProject
Global
	GlobalSection(SolutionConfigurationPlatforms) = preSolution
		Debug|Any CPU = Debug|Any CPU
		Release|Any CPU = Release|Any CPU
	EndGlobalSection
	GlobalSection(ProjectConfigurationPlatforms) = postSolution
		{2CCB8B67-CE73-4F23-9D4E-023D33C54806}.Debug|Any CPU.ActiveCfg = Debug|Any CPU
		{2CCB8B67-CE73-4F23-9D4E-023D33C54806}.Debug|Any CPU.Build.0 = Debug|Any CPU
		{2CCB8B67-CE73-4F23-9D4E-023D33C54806}.Release|Any CPU.ActiveCfg = Release|Any CPU
		{2CCB8B67-CE73-4F23-9D4E-023D33C54806}.Release|Any CPU.Build.0 = Release|Any CPU
		{6CCC5714-C20D-4ED3-8465-3DA18246F8A8}.Debug|Any CPU.ActiveCfg = Debug|Any CPU
		{6CCC5714-C20D-4ED3-8465-3DA18246F8A8}.Debug|Any CPU.Build.0 = Debug|Any CPU
		{6CCC5714-C20D-4ED3-8465-3DA18246F8A8}.Release|Any CPU.ActiveCfg = Release|Any CPU
		{6CCC5714-C20D-4ED3-8465-3DA18246F8A8}.Release|Any CPU.Build.0 = Release|Any CPU
		{5312F1A8-C157-42B4-8D22-255E951A7CFA}.Debug|Any CPU.ActiveCfg = Debug|Any CPU
		{5312F1A8-C157-42B4-8D22-255E951A7CFA}.Debug|Any CPU.Build.0 = Debug|Any CPU
		{5312F1A8-C157-42B4-8D22-255E951A7CFA}.Release|Any CPU.ActiveCfg = Release|Any CPU
		{5312F1A8-C157-42B4-8D22-255E951A7CFA}.Release|Any CPU.Build.0 = Release|Any CPU
		{EFB02F4A-7AD0-4933-B387-2693DCC9152A}.Debug|Any CPU.ActiveCfg = Debug|Any CPU
		{EFB02F4A-7AD0-4933-B387-2693DCC9152A}.Debug|Any CPU.Build.0 = Debug|Any CPU
		{EFB02F4A-7AD0-4933-B387-2693DCC9152A}.Release|Any CPU.ActiveCfg = Release|Any CPU
		{EFB02F4A-7AD0-4933-B387-2693DCC9152A}.Release|Any CPU.Build.0 = Release|Any CPU
		{C5D4A1F0-228F-4886-8161-243BDC50B78E}.Debug|Any CPU.ActiveCfg = Debug|Any CPU
		{C5D4A1F0-228F-4886-8161-243BDC50B78E}.Debug|Any CPU.Build.0 = Debug|Any CPU
		{C5D4A1F0-228F-4886-8161-243BDC50B78E}.Release|Any CPU.ActiveCfg = Release|Any CPU
		{C5D4A1F0-228F-4886-8161-243BDC50B78E}.Release|Any CPU.Build.0 = Release|Any CPU
		{27FC3FD5-2285-446C-B559-001A02CB5E4A}.Debug|Any CPU.ActiveCfg = Debug|Any CPU
		{27FC3FD5-2285-446C-B559-001A02CB5E4A}.Debug|Any CPU.Build.0 = Debug|Any CPU
		{27FC3FD5-2285-446C-B559-001A02CB5E4A}.Release|Any CPU.ActiveCfg = Release|Any CPU
		{27FC3FD5-2285-446C-B559-001A02CB5E4A}.Release|Any CPU.Build.0 = Release|Any CPU
	EndGlobalSection
	GlobalSection(NestedProjects) = preSolution
		{5312F1A8-C157-42B4-8D22-255E951A7CFA} = {FE9F796F-8957-4E30-BFB9-E40C63A89F64}
		{EFB02F4A-7AD0-4933-B387-2693DCC9152A} = {FE9F796F-8957-4E30-BFB9-E40C63A89F64}
		{C5D4A1F0-228F-4886-8161-243BDC50B78E} = {1F775F19-CF47-4956-A384-D2EF7B02F195}
		{27FC3FD5-2285-446C-B559-001A02CB5E4A} = {1F775F19-CF47-4956-A384-D2EF7B02F195}
	EndGlobalSection
EndGlobal
